
Microsoft Visual Studio Solution File, Format Version 12.00
# Visual Studio Version 17
VisualStudioVersion = 17.11.35327.3
MinimumVisualStudioVersion = 10.0.40219.1
Project("{2150E333-8FDC-42A3-9474-1A3956D46DE8}") = "Task0", "Task0", "{D23DD6DD-E9B7-4961-B9AF-1B3CE6BAFD14}"
EndProject
Project("{2150E333-8FDC-42A3-9474-1A3956D46DE8}") = "Task1", "Task1", "{2D5AF3CE-826D-4BB5-84E6-5362D204FB75}"
EndProject
Project("{2150E333-8FDC-42A3-9474-1A3956D46DE8}") = "Task2", "Task2", "{946E9E11-93DC-456A-A45A-E246375AFB63}"
EndProject
Project("{2150E333-8FDC-42A3-9474-1A3956D46DE8}") = "Task3", "Task3", "{1BE0481F-B7C5-4743-A4BD-B4721D0C1861}"
EndProject
Project("{2150E333-8FDC-42A3-9474-1A3956D46DE8}") = "Task4", "Task4", "{24751035-B9E9-4379-A74E-28738A101BC5}"
EndProject
Project("{2150E333-8FDC-42A3-9474-1A3956D46DE8}") = "Task5", "Task5", "{45B97FC2-12B2-4258-B345-01A2EFBF6D94}"
EndProject
Project("{2150E333-8FDC-42A3-9474-1A3956D46DE8}") = "Task6", "Task6", "{C230BB55-10FB-4A91-B8AE-E05A0F60FE69}"
EndProject
Project("{2150E333-8FDC-42A3-9474-1A3956D46DE8}") = "Task7", "Task7", "{56FA32C4-F4DF-4F65-B79C-2E1766433B31}"
EndProject
Project("{9A19103F-16F7-4668-BE54-9A1E7A4F7556}") = "Tyuiu.DylginA.Sprint5.Task0.V25.Lib", "Tyuiu.DylginA.Sprint5.Task0.V25.Lib\Tyuiu.DylginA.Sprint5.Task0.V25.Lib.csproj", "{445B0846-FC2B-41BF-A6D3-3272321F3907}"
EndProject
Project("{9A19103F-16F7-4668-BE54-9A1E7A4F7556}") = "Tyuiu.DylginA.Sprint5.Task0.V25.Test", "Tyuiu.DylginA.Sprint5.Task0.V25.Test\Tyuiu.DylginA.Sprint5.Task0.V25.Test.csproj", "{4865FD7B-39B0-437E-A044-E2994E7BEBB9}"
EndProject
Project("{9A19103F-16F7-4668-BE54-9A1E7A4F7556}") = "Tyuiu.DylginA.Sprint5.Task0.V25", "Tyuiu.DylginA.Sprint5.Task0.V25\Tyuiu.DylginA.Sprint5.Task0.V25.csproj", "{A2614841-3D6C-4070-AA10-DFA0E0EB0D1C}"
EndProject
Project("{9A19103F-16F7-4668-BE54-9A1E7A4F7556}") = "Tyuiu.DylginA.Sprint5.Task1.V7", "Tyuiu.DylginA.Sprint5.Task1.V7\Tyuiu.DylginA.Sprint5.Task1.V7.csproj", "{7CFD3E5A-99E9-4218-B5B6-6FF4DE66C14B}"
EndProject
Project("{9A19103F-16F7-4668-BE54-9A1E7A4F7556}") = "Tyuiu.DylginA.Sprint5.Task1.V7.Lib", "Tyuiu.DylginA.Sprint5.Task1.V7.Lib\Tyuiu.DylginA.Sprint5.Task1.V7.Lib.csproj", "{FB6E54B3-A19F-47F5-AAD1-05567116DEE1}"
EndProject
Project("{9A19103F-16F7-4668-BE54-9A1E7A4F7556}") = "Tyuiu.DylginA.Sprint5.Task1.V7.Test", "Tyuiu.DylginA.Sprint5.Task1.V7.Test\Tyuiu.DylginA.Sprint5.Task1.V7.Test.csproj", "{1E5AD78D-013C-40E7-9567-D92B3F545461}"
EndProject
Project("{9A19103F-16F7-4668-BE54-9A1E7A4F7556}") = "Tyuiu.DylginA.Sprint5.Task2.V25", "Tyuiu.DylginA.Sprint5.Task2.V25\Tyuiu.DylginA.Sprint5.Task2.V25.csproj", "{B579FBF0-9493-4084-84D8-4ED0DDAF750B}"
EndProject
Project("{9A19103F-16F7-4668-BE54-9A1E7A4F7556}") = "Tyuiu.DylginA.Sprint5.Task2.V25.Lib", "Tyuiu.DylginA.Sprint5.Task2.V25.Lib\Tyuiu.DylginA.Sprint5.Task2.V25.Lib.csproj", "{8E00A63C-5423-4192-8B39-727362E79DE7}"
EndProject
Project("{9A19103F-16F7-4668-BE54-9A1E7A4F7556}") = "Tyuiu.DylginA.Sprint5.Task2.V25.Test", "Tyuiu.DylginA.Sprint5.Task2.V25.Test\Tyuiu.DylginA.Sprint5.Task2.V25.Test.csproj", "{EC88EE1C-1BCC-4057-ABDA-6D2E453A2FC5}"
EndProject
Project("{9A19103F-16F7-4668-BE54-9A1E7A4F7556}") = "Tyuiu.DylginA.Sprint5.Task3.V10", "Tyuiu.DylginA.Sprint5.Task3.V10\Tyuiu.DylginA.Sprint5.Task3.V10.csproj", "{D7775F30-9B26-4525-A0E5-7A580198F32F}"
EndProject
Project("{9A19103F-16F7-4668-BE54-9A1E7A4F7556}") = "Tyuiu.DylginA.Sprint5.Task3.V10.Lib", "Tyuiu.DylginA.Sprint5.Task3.V10.Lib\Tyuiu.DylginA.Sprint5.Task3.V10.Lib.csproj", "{39E1DB75-AE79-40F4-97EC-77ED92B01A23}"
EndProject
Project("{9A19103F-16F7-4668-BE54-9A1E7A4F7556}") = "Tyuiu.DylginA.Sprint5.Task3.V10.Test", "Tyuiu.DylginA.Sprint5.Task3.V10.Test\Tyuiu.DylginA.Sprint5.Task3.V10.Test.csproj", "{AB62D716-3816-41C5-BF8D-A35780A312BE}"
EndProject
Project("{9A19103F-16F7-4668-BE54-9A1E7A4F7556}") = "Tyuiu.DylginA.Sprint5.Task4.V23", "Tyuiu.DylginA.Sprint5.Task4.V23\Tyuiu.DylginA.Sprint5.Task4.V23.csproj", "{79759FFC-5551-4AC6-9983-CA169F81450E}"
EndProject
Project("{9A19103F-16F7-4668-BE54-9A1E7A4F7556}") = "Tyuiu.DylginA.Sprint5.Task4.V23.Lib", "Tyuiu.DylginA.Sprint5.Task4.V23.Lib\Tyuiu.DylginA.Sprint5.Task4.V23.Lib.csproj", "{7530042F-8443-44A2-B7FC-1E040C8FB415}"
EndProject
Project("{9A19103F-16F7-4668-BE54-9A1E7A4F7556}") = "Tyuiu.DylginA.Sprint5.Task4.V23.Test", "Tyuiu.DylginA.Sprint5.Task4.V23.Test\Tyuiu.DylginA.Sprint5.Task4.V23.Test.csproj", "{AE8E2C02-BE2E-41C5-A2E0-037F1D12FD8F}"
EndProject
Project("{FAE04EC0-301F-11D3-BF4B-00C04F79EFBC}") = "Tyuiu.DylginA.Sprint5.Task5.V22", "Tyuiu.DylginA.Sprint5.Task5.V22\Tyuiu.DylginA.Sprint5.Task5.V22.csproj", "{EA4BF469-299C-4640-B68F-5C600237358F}"
EndProject
Project("{FAE04EC0-301F-11D3-BF4B-00C04F79EFBC}") = "Tyuiu.DylginA.Sprint5.Task5.V22.Lib", "Tyuiu.DylginA.Sprint5.Task5.V22.Lib\Tyuiu.DylginA.Sprint5.Task5.V22.Lib.csproj", "{AD842957-3A0D-4213-87FB-BBF3F58C86D6}"
EndProject
Project("{FAE04EC0-301F-11D3-BF4B-00C04F79EFBC}") = "Tyuiu.DylginA.Sprint5.Task5.V22.Test", "Tyuiu.DylginA.Sprint5.Task5.V22.Test\Tyuiu.DylginA.Sprint5.Task5.V22.Test.csproj", "{17635833-8386-4429-ABB6-D97AFB02FD21}"
EndProject
Global
	GlobalSection(SolutionConfigurationPlatforms) = preSolution
		Debug|Any CPU = Debug|Any CPU
		Release|Any CPU = Release|Any CPU
	EndGlobalSection
	GlobalSection(ProjectConfigurationPlatforms) = postSolution
		{445B0846-FC2B-41BF-A6D3-3272321F3907}.Debug|Any CPU.ActiveCfg = Debug|Any CPU
		{445B0846-FC2B-41BF-A6D3-3272321F3907}.Debug|Any CPU.Build.0 = Debug|Any CPU
		{445B0846-FC2B-41BF-A6D3-3272321F3907}.Release|Any CPU.ActiveCfg = Release|Any CPU
		{445B0846-FC2B-41BF-A6D3-3272321F3907}.Release|Any CPU.Build.0 = Release|Any CPU
		{4865FD7B-39B0-437E-A044-E2994E7BEBB9}.Debug|Any CPU.ActiveCfg = Debug|Any CPU
		{4865FD7B-39B0-437E-A044-E2994E7BEBB9}.Debug|Any CPU.Build.0 = Debug|Any CPU
		{4865FD7B-39B0-437E-A044-E2994E7BEBB9}.Release|Any CPU.ActiveCfg = Release|Any CPU
		{4865FD7B-39B0-437E-A044-E2994E7BEBB9}.Release|Any CPU.Build.0 = Release|Any CPU
		{A2614841-3D6C-4070-AA10-DFA0E0EB0D1C}.Debug|Any CPU.ActiveCfg = Debug|Any CPU
		{A2614841-3D6C-4070-AA10-DFA0E0EB0D1C}.Debug|Any CPU.Build.0 = Debug|Any CPU
		{A2614841-3D6C-4070-AA10-DFA0E0EB0D1C}.Release|Any CPU.ActiveCfg = Release|Any CPU
		{A2614841-3D6C-4070-AA10-DFA0E0EB0D1C}.Release|Any CPU.Build.0 = Release|Any CPU
		{7CFD3E5A-99E9-4218-B5B6-6FF4DE66C14B}.Debug|Any CPU.ActiveCfg = Debug|Any CPU
		{7CFD3E5A-99E9-4218-B5B6-6FF4DE66C14B}.Debug|Any CPU.Build.0 = Debug|Any CPU
		{7CFD3E5A-99E9-4218-B5B6-6FF4DE66C14B}.Release|Any CPU.ActiveCfg = Release|Any CPU
		{7CFD3E5A-99E9-4218-B5B6-6FF4DE66C14B}.Release|Any CPU.Build.0 = Release|Any CPU
		{FB6E54B3-A19F-47F5-AAD1-05567116DEE1}.Debug|Any CPU.ActiveCfg = Debug|Any CPU
		{FB6E54B3-A19F-47F5-AAD1-05567116DEE1}.Debug|Any CPU.Build.0 = Debug|Any CPU
		{FB6E54B3-A19F-47F5-AAD1-05567116DEE1}.Release|Any CPU.ActiveCfg = Release|Any CPU
		{FB6E54B3-A19F-47F5-AAD1-05567116DEE1}.Release|Any CPU.Build.0 = Release|Any CPU
		{1E5AD78D-013C-40E7-9567-D92B3F545461}.Debug|Any CPU.ActiveCfg = Debug|Any CPU
		{1E5AD78D-013C-40E7-9567-D92B3F545461}.Debug|Any CPU.Build.0 = Debug|Any CPU
		{1E5AD78D-013C-40E7-9567-D92B3F545461}.Release|Any CPU.ActiveCfg = Release|Any CPU
		{1E5AD78D-013C-40E7-9567-D92B3F545461}.Release|Any CPU.Build.0 = Release|Any CPU
		{B579FBF0-9493-4084-84D8-4ED0DDAF750B}.Debug|Any CPU.ActiveCfg = Debug|Any CPU
		{B579FBF0-9493-4084-84D8-4ED0DDAF750B}.Debug|Any CPU.Build.0 = Debug|Any CPU
		{B579FBF0-9493-4084-84D8-4ED0DDAF750B}.Release|Any CPU.ActiveCfg = Release|Any CPU
		{B579FBF0-9493-4084-84D8-4ED0DDAF750B}.Release|Any CPU.Build.0 = Release|Any CPU
		{8E00A63C-5423-4192-8B39-727362E79DE7}.Debug|Any CPU.ActiveCfg = Debug|Any CPU
		{8E00A63C-5423-4192-8B39-727362E79DE7}.Debug|Any CPU.Build.0 = Debug|Any CPU
		{8E00A63C-5423-4192-8B39-727362E79DE7}.Release|Any CPU.ActiveCfg = Release|Any CPU
		{8E00A63C-5423-4192-8B39-727362E79DE7}.Release|Any CPU.Build.0 = Release|Any CPU
		{EC88EE1C-1BCC-4057-ABDA-6D2E453A2FC5}.Debug|Any CPU.ActiveCfg = Debug|Any CPU
		{EC88EE1C-1BCC-4057-ABDA-6D2E453A2FC5}.Debug|Any CPU.Build.0 = Debug|Any CPU
		{EC88EE1C-1BCC-4057-ABDA-6D2E453A2FC5}.Release|Any CPU.ActiveCfg = Release|Any CPU
		{EC88EE1C-1BCC-4057-ABDA-6D2E453A2FC5}.Release|Any CPU.Build.0 = Release|Any CPU
		{D7775F30-9B26-4525-A0E5-7A580198F32F}.Debug|Any CPU.ActiveCfg = Debug|Any CPU
		{D7775F30-9B26-4525-A0E5-7A580198F32F}.Debug|Any CPU.Build.0 = Debug|Any CPU
		{D7775F30-9B26-4525-A0E5-7A580198F32F}.Release|Any CPU.ActiveCfg = Release|Any CPU
		{D7775F30-9B26-4525-A0E5-7A580198F32F}.Release|Any CPU.Build.0 = Release|Any CPU
		{39E1DB75-AE79-40F4-97EC-77ED92B01A23}.Debug|Any CPU.ActiveCfg = Debug|Any CPU
		{39E1DB75-AE79-40F4-97EC-77ED92B01A23}.Debug|Any CPU.Build.0 = Debug|Any CPU
		{39E1DB75-AE79-40F4-97EC-77ED92B01A23}.Release|Any CPU.ActiveCfg = Release|Any CPU
		{39E1DB75-AE79-40F4-97EC-77ED92B01A23}.Release|Any CPU.Build.0 = Release|Any CPU
		{AB62D716-3816-41C5-BF8D-A35780A312BE}.Debug|Any CPU.ActiveCfg = Debug|Any CPU
		{AB62D716-3816-41C5-BF8D-A35780A312BE}.Debug|Any CPU.Build.0 = Debug|Any CPU
		{AB62D716-3816-41C5-BF8D-A35780A312BE}.Release|Any CPU.ActiveCfg = Release|Any CPU
		{AB62D716-3816-41C5-BF8D-A35780A312BE}.Release|Any CPU.Build.0 = Release|Any CPU
		{79759FFC-5551-4AC6-9983-CA169F81450E}.Debug|Any CPU.ActiveCfg = Debug|Any CPU
		{79759FFC-5551-4AC6-9983-CA169F81450E}.Debug|Any CPU.Build.0 = Debug|Any CPU
		{79759FFC-5551-4AC6-9983-CA169F81450E}.Release|Any CPU.ActiveCfg = Release|Any CPU
		{79759FFC-5551-4AC6-9983-CA169F81450E}.Release|Any CPU.Build.0 = Release|Any CPU
		{7530042F-8443-44A2-B7FC-1E040C8FB415}.Debug|Any CPU.ActiveCfg = Debug|Any CPU
		{7530042F-8443-44A2-B7FC-1E040C8FB415}.Debug|Any CPU.Build.0 = Debug|Any CPU
		{7530042F-8443-44A2-B7FC-1E040C8FB415}.Release|Any CPU.ActiveCfg = Release|Any CPU
		{7530042F-8443-44A2-B7FC-1E040C8FB415}.Release|Any CPU.Build.0 = Release|Any CPU
		{AE8E2C02-BE2E-41C5-A2E0-037F1D12FD8F}.Debug|Any CPU.ActiveCfg = Debug|Any CPU
		{AE8E2C02-BE2E-41C5-A2E0-037F1D12FD8F}.Debug|Any CPU.Build.0 = Debug|Any CPU
		{AE8E2C02-BE2E-41C5-A2E0-037F1D12FD8F}.Release|Any CPU.ActiveCfg = Release|Any CPU
		{AE8E2C02-BE2E-41C5-A2E0-037F1D12FD8F}.Release|Any CPU.Build.0 = Release|Any CPU
		{EA4BF469-299C-4640-B68F-5C600237358F}.Debug|Any CPU.ActiveCfg = Debug|Any CPU
		{EA4BF469-299C-4640-B68F-5C600237358F}.Debug|Any CPU.Build.0 = Debug|Any CPU
		{EA4BF469-299C-4640-B68F-5C600237358F}.Release|Any CPU.ActiveCfg = Release|Any CPU
		{EA4BF469-299C-4640-B68F-5C600237358F}.Release|Any CPU.Build.0 = Release|Any CPU
		{AD842957-3A0D-4213-87FB-BBF3F58C86D6}.Debug|Any CPU.ActiveCfg = Debug|Any CPU
		{AD842957-3A0D-4213-87FB-BBF3F58C86D6}.Debug|Any CPU.Build.0 = Debug|Any CPU
		{AD842957-3A0D-4213-87FB-BBF3F58C86D6}.Release|Any CPU.ActiveCfg = Release|Any CPU
		{AD842957-3A0D-4213-87FB-BBF3F58C86D6}.Release|Any CPU.Build.0 = Release|Any CPU
		{17635833-8386-4429-ABB6-D97AFB02FD21}.Debug|Any CPU.ActiveCfg = Debug|Any CPU
		{17635833-8386-4429-ABB6-D97AFB02FD21}.Debug|Any CPU.Build.0 = Debug|Any CPU
		{17635833-8386-4429-ABB6-D97AFB02FD21}.Release|Any CPU.ActiveCfg = Release|Any CPU
		{17635833-8386-4429-ABB6-D97AFB02FD21}.Release|Any CPU.Build.0 = Release|Any CPU
	EndGlobalSection
	GlobalSection(SolutionProperties) = preSolution
		HideSolutionNode = FALSE
	EndGlobalSection
	GlobalSection(NestedProjects) = preSolution
		{445B0846-FC2B-41BF-A6D3-3272321F3907} = {D23DD6DD-E9B7-4961-B9AF-1B3CE6BAFD14}
		{4865FD7B-39B0-437E-A044-E2994E7BEBB9} = {D23DD6DD-E9B7-4961-B9AF-1B3CE6BAFD14}
		{7CFD3E5A-99E9-4218-B5B6-6FF4DE66C14B} = {2D5AF3CE-826D-4BB5-84E6-5362D204FB75}
		{FB6E54B3-A19F-47F5-AAD1-05567116DEE1} = {2D5AF3CE-826D-4BB5-84E6-5362D204FB75}
		{1E5AD78D-013C-40E7-9567-D92B3F545461} = {2D5AF3CE-826D-4BB5-84E6-5362D204FB75}
		{B579FBF0-9493-4084-84D8-4ED0DDAF750B} = {946E9E11-93DC-456A-A45A-E246375AFB63}
		{8E00A63C-5423-4192-8B39-727362E79DE7} = {946E9E11-93DC-456A-A45A-E246375AFB63}
		{EC88EE1C-1BCC-4057-ABDA-6D2E453A2FC5} = {946E9E11-93DC-456A-A45A-E246375AFB63}
		{D7775F30-9B26-4525-A0E5-7A580198F32F} = {1BE0481F-B7C5-4743-A4BD-B4721D0C1861}
		{39E1DB75-AE79-40F4-97EC-77ED92B01A23} = {1BE0481F-B7C5-4743-A4BD-B4721D0C1861}
		{AB62D716-3816-41C5-BF8D-A35780A312BE} = {1BE0481F-B7C5-4743-A4BD-B4721D0C1861}
		{79759FFC-5551-4AC6-9983-CA169F81450E} = {24751035-B9E9-4379-A74E-28738A101BC5}
		{7530042F-8443-44A2-B7FC-1E040C8FB415} = {24751035-B9E9-4379-A74E-28738A101BC5}
		{AE8E2C02-BE2E-41C5-A2E0-037F1D12FD8F} = {24751035-B9E9-4379-A74E-28738A101BC5}
		{EA4BF469-299C-4640-B68F-5C600237358F} = {45B97FC2-12B2-4258-B345-01A2EFBF6D94}
		{AD842957-3A0D-4213-87FB-BBF3F58C86D6} = {45B97FC2-12B2-4258-B345-01A2EFBF6D94}
		{17635833-8386-4429-ABB6-D97AFB02FD21} = {45B97FC2-12B2-4258-B345-01A2EFBF6D94}
	EndGlobalSection
	GlobalSection(ExtensibilityGlobals) = postSolution
		SolutionGuid = {4E182499-32EE-4D78-9594-3B8EAB281FFB}
	EndGlobalSection
EndGlobal
